
Microsoft Visual Studio Solution File, Format Version 12.00
# Visual Studio Version 16
VisualStudioVersion = 16.0.28803.202
MinimumVisualStudioVersion = 10.0.40219.1
Project("{FAE04EC0-301F-11D3-BF4B-00C04F79EFBC}") = "SWDGOR4", "SWDGOR4\SWDGOR4.csproj", "{4D1C31EB-6228-4F03-AEFB-A6F12395EC2C}"
EndProject
Global
	GlobalSection(SolutionConfigurationPlatforms) = preSolution
		Debug|Any CPU = Debug|Any CPU
		Release|Any CPU = Release|Any CPU
	EndGlobalSection
	GlobalSection(ProjectConfigurationPlatforms) = postSolution
		{4D1C31EB-6228-4F03-AEFB-A6F12395EC2C}.Debug|Any CPU.ActiveCfg = Debug|Any CPU
		{4D1C31EB-6228-4F03-AEFB-A6F12395EC2C}.Debug|Any CPU.Build.0 = Debug|Any CPU
		{4D1C31EB-6228-4F03-AEFB-A6F12395EC2C}.Release|Any CPU.ActiveCfg = Release|Any CPU
		{4D1C31EB-6228-4F03-AEFB-A6F12395EC2C}.Release|Any CPU.Build.0 = Release|Any CPU
	EndGlobalSection
	GlobalSection(SolutionProperties) = preSolution
		HideSolutionNode = FALSE
	EndGlobalSection
	GlobalSection(ExtensibilityGlobals) = postSolution
		SolutionGuid = {028F490F-9808-4D63-B644-FB3F1E5313E9}
	EndGlobalSection
EndGlobal
